
Microsoft Visual Studio Solution File, Format Version 12.00
# Visual Studio Version 16
VisualStudioVersion = 16.0.31129.286
MinimumVisualStudioVersion = 10.0.40219.1
Project("{2150E333-8FDC-42A3-9474-1A3956D46DE8}") = "Services", "Services", "{79137BB3-A7F4-43A5-83A3-16E26A5D3015}"
EndProject
Project("{2150E333-8FDC-42A3-9474-1A3956D46DE8}") = "Catalog", "Catalog", "{7836F978-D3F1-4A2C-9125-F2ABA168F2B3}"
EndProject
Project("{9A19103F-16F7-4668-BE54-9A1E7A4F7556}") = "Catalog.API", "Services\Catalog\Catalog.API\Catalog.API.csproj", "{9D17A91E-92C8-4A65-84F9-CF835C1D2DD0}"
EndProject
Project("{E53339B2-1760-4266-BCC7-CA923CBCF16C}") = "docker-compose", "docker-compose.dcproj", "{340B7142-D44D-4CF7-8CF9-0EC97661E444}"
EndProject
Project("{2150E333-8FDC-42A3-9474-1A3956D46DE8}") = "Basket", "Basket", "{ADC0DE63-BAC4-4857-ADFC-9D47FEB911A3}"
EndProject
Project("{9A19103F-16F7-4668-BE54-9A1E7A4F7556}") = "Basket.API", "Services\Basket\Basket.API\Basket.API.csproj", "{9573D7A8-8092-4E28-A56F-3DA21545FB34}"
EndProject
Project("{2150E333-8FDC-42A3-9474-1A3956D46DE8}") = "Discount", "Discount", "{F7CA7A59-52FA-4411-8F3B-615A57A02677}"
EndProject
Project("{9A19103F-16F7-4668-BE54-9A1E7A4F7556}") = "Discount.API", "Services\Discount\Discount.API\Discount.API.csproj", "{59AEEA22-B92E-49E5-B49D-14AC0AB4874B}"
EndProject
Project("{9A19103F-16F7-4668-BE54-9A1E7A4F7556}") = "Discount.Grpc", "Services\Discount\Discount.Grpc\Discount.Grpc.csproj", "{D1953D75-7E3D-4AEB-8D47-65633BCA6562}"
EndProject
Project("{2150E333-8FDC-42A3-9474-1A3956D46DE8}") = "Ordering", "Ordering", "{D1B59383-9741-42FB-AFAA-5C21A51C5704}"
EndProject
Project("{9A19103F-16F7-4668-BE54-9A1E7A4F7556}") = "Ordering.Infrastructure", "Services\Ordering\Ordering.Infrastructure\Ordering.Infrastructure.csproj", "{2EC1DB2B-DAC4-4ED0-B626-718259D4FE6A}"
EndProject
Project("{9A19103F-16F7-4668-BE54-9A1E7A4F7556}") = "Ordering.Domain", "Services\Ordering\Ordering.Domain\Ordering.Domain.csproj", "{BEAABAE3-FC43-409B-AFEE-3D4AA4BBFDE3}"
EndProject
Project("{9A19103F-16F7-4668-BE54-9A1E7A4F7556}") = "Ordering.Application", "Services\Ordering\Ordering.Application\Ordering.Application.csproj", "{D973A2C9-2E19-46F9-8637-9EF42CA55AE6}"
EndProject
Project("{9A19103F-16F7-4668-BE54-9A1E7A4F7556}") = "Ordering.API", "Services\Ordering\Ordering.API\Ordering.API.csproj", "{F8F741DF-0ACC-409E-AA36-906CB6B6C4F7}"
EndProject
Project("{2150E333-8FDC-42A3-9474-1A3956D46DE8}") = "BuildingBlocks", "BuildingBlocks", "{69FDDB6B-115E-44C4-AAA4-4652B8FEF5DC}"
EndProject
Project("{9A19103F-16F7-4668-BE54-9A1E7A4F7556}") = "EventBus.Messages", "BuildingBlocks\EventBus.Messages\EventBus.Messages.csproj", "{0F0560D7-09B9-45B2-8601-E3E742FEE6D0}"
EndProject
Project("{2150E333-8FDC-42A3-9474-1A3956D46DE8}") = "ApiGateways", "ApiGateways", "{2529423B-771B-480A-8069-BF8CD161C5C7}"
EndProject
Project("{9A19103F-16F7-4668-BE54-9A1E7A4F7556}") = "OcelotApiGw", "ApiGateways\OcelotApiGw\OcelotApiGw.csproj", "{165026F9-F892-4E5B-B61F-E8D81C2F82B7}"
EndProject
Project("{9A19103F-16F7-4668-BE54-9A1E7A4F7556}") = "Shopping.Aggregator", "ApiGateways\Shopping.Aggregator\Shopping.Aggregator.csproj", "{BC3B1D36-8150-48BE-9BE1-477086F5A358}"
EndProject
Project("{2150E333-8FDC-42A3-9474-1A3956D46DE8}") = "WebApps", "WebApps", "{BB919910-7FB4-4CB5-8F78-65614B126E9B}"
EndProject
Project("{9A19103F-16F7-4668-BE54-9A1E7A4F7556}") = "AspnetRunBasics", "WebApps\AspnetRunBasics\AspnetRunBasics.csproj", "{5DC98E54-1C39-4F57-8EDB-645F1CD6BF97}"
EndProject
Project("{9A19103F-16F7-4668-BE54-9A1E7A4F7556}") = "Common.Logging", "BuildingBlocks\Common.Logging\Common.Logging.csproj", "{BD8E4828-EB2B-4670-BAF1-B9F1FBE96478}"
EndProject
Project("{FAE04EC0-301F-11D3-BF4B-00C04F79EFBC}") = "WebStatus", "WebApps\WebStatus\WebStatus.csproj", "{4F081276-452D-47CC-86DB-814A238B1CDF}"
EndProject
Global
	GlobalSection(SolutionConfigurationPlatforms) = preSolution
		Debug|Any CPU = Debug|Any CPU
		Release|Any CPU = Release|Any CPU
	EndGlobalSection
	GlobalSection(ProjectConfigurationPlatforms) = postSolution
		{9D17A91E-92C8-4A65-84F9-CF835C1D2DD0}.Debug|Any CPU.ActiveCfg = Debug|Any CPU
		{9D17A91E-92C8-4A65-84F9-CF835C1D2DD0}.Debug|Any CPU.Build.0 = Debug|Any CPU
		{9D17A91E-92C8-4A65-84F9-CF835C1D2DD0}.Release|Any CPU.ActiveCfg = Release|Any CPU
		{9D17A91E-92C8-4A65-84F9-CF835C1D2DD0}.Release|Any CPU.Build.0 = Release|Any CPU
		{340B7142-D44D-4CF7-8CF9-0EC97661E444}.Debug|Any CPU.ActiveCfg = Debug|Any CPU
		{340B7142-D44D-4CF7-8CF9-0EC97661E444}.Debug|Any CPU.Build.0 = Debug|Any CPU
		{340B7142-D44D-4CF7-8CF9-0EC97661E444}.Release|Any CPU.ActiveCfg = Release|Any CPU
		{340B7142-D44D-4CF7-8CF9-0EC97661E444}.Release|Any CPU.Build.0 = Release|Any CPU
		{9573D7A8-8092-4E28-A56F-3DA21545FB34}.Debug|Any CPU.ActiveCfg = Debug|Any CPU
		{9573D7A8-8092-4E28-A56F-3DA21545FB34}.Debug|Any CPU.Build.0 = Debug|Any CPU
		{9573D7A8-8092-4E28-A56F-3DA21545FB34}.Release|Any CPU.ActiveCfg = Release|Any CPU
		{9573D7A8-8092-4E28-A56F-3DA21545FB34}.Release|Any CPU.Build.0 = Release|Any CPU
		{59AEEA22-B92E-49E5-B49D-14AC0AB4874B}.Debug|Any CPU.ActiveCfg = Debug|Any CPU
		{59AEEA22-B92E-49E5-B49D-14AC0AB4874B}.Debug|Any CPU.Build.0 = Debug|Any CPU
		{59AEEA22-B92E-49E5-B49D-14AC0AB4874B}.Release|Any CPU.ActiveCfg = Release|Any CPU
		{59AEEA22-B92E-49E5-B49D-14AC0AB4874B}.Release|Any CPU.Build.0 = Release|Any CPU
		{D1953D75-7E3D-4AEB-8D47-65633BCA6562}.Debug|Any CPU.ActiveCfg = Debug|Any CPU
		{D1953D75-7E3D-4AEB-8D47-65633BCA6562}.Debug|Any CPU.Build.0 = Debug|Any CPU
		{D1953D75-7E3D-4AEB-8D47-65633BCA6562}.Release|Any CPU.ActiveCfg = Release|Any CPU
		{D1953D75-7E3D-4AEB-8D47-65633BCA6562}.Release|Any CPU.Build.0 = Release|Any CPU
		{2EC1DB2B-DAC4-4ED0-B626-718259D4FE6A}.Debug|Any CPU.ActiveCfg = Debug|Any CPU
		{2EC1DB2B-DAC4-4ED0-B626-718259D4FE6A}.Debug|Any CPU.Build.0 = Debug|Any CPU
		{2EC1DB2B-DAC4-4ED0-B626-718259D4FE6A}.Release|Any CPU.ActiveCfg = Release|Any CPU
		{2EC1DB2B-DAC4-4ED0-B626-718259D4FE6A}.Release|Any CPU.Build.0 = Release|Any CPU
		{BEAABAE3-FC43-409B-AFEE-3D4AA4BBFDE3}.Debug|Any CPU.ActiveCfg = Debug|Any CPU
		{BEAABAE3-FC43-409B-AFEE-3D4AA4BBFDE3}.Debug|Any CPU.Build.0 = Debug|Any CPU
		{BEAABAE3-FC43-409B-AFEE-3D4AA4BBFDE3}.Release|Any CPU.ActiveCfg = Release|Any CPU
		{BEAABAE3-FC43-409B-AFEE-3D4AA4BBFDE3}.Release|Any CPU.Build.0 = Release|Any CPU
		{D973A2C9-2E19-46F9-8637-9EF42CA55AE6}.Debug|Any CPU.ActiveCfg = Debug|Any CPU
		{D973A2C9-2E19-46F9-8637-9EF42CA55AE6}.Debug|Any CPU.Build.0 = Debug|Any CPU
		{D973A2C9-2E19-46F9-8637-9EF42CA55AE6}.Release|Any CPU.ActiveCfg = Release|Any CPU
		{D973A2C9-2E19-46F9-8637-9EF42CA55AE6}.Release|Any CPU.Build.0 = Release|Any CPU
		{F8F741DF-0ACC-409E-AA36-906CB6B6C4F7}.Debug|Any CPU.ActiveCfg = Debug|Any CPU
		{F8F741DF-0ACC-409E-AA36-906CB6B6C4F7}.Debug|Any CPU.Build.0 = Debug|Any CPU
		{F8F741DF-0ACC-409E-AA36-906CB6B6C4F7}.Release|Any CPU.ActiveCfg = Release|Any CPU
		{F8F741DF-0ACC-409E-AA36-906CB6B6C4F7}.Release|Any CPU.Build.0 = Release|Any CPU
		{0F0560D7-09B9-45B2-8601-E3E742FEE6D0}.Debug|Any CPU.ActiveCfg = Debug|Any CPU
		{0F0560D7-09B9-45B2-8601-E3E742FEE6D0}.Debug|Any CPU.Build.0 = Debug|Any CPU
		{0F0560D7-09B9-45B2-8601-E3E742FEE6D0}.Release|Any CPU.ActiveCfg = Release|Any CPU
		{0F0560D7-09B9-45B2-8601-E3E742FEE6D0}.Release|Any CPU.Build.0 = Release|Any CPU
		{165026F9-F892-4E5B-B61F-E8D81C2F82B7}.Debug|Any CPU.ActiveCfg = Debug|Any CPU
		{165026F9-F892-4E5B-B61F-E8D81C2F82B7}.Debug|Any CPU.Build.0 = Debug|Any CPU
		{165026F9-F892-4E5B-B61F-E8D81C2F82B7}.Release|Any CPU.ActiveCfg = Release|Any CPU
		{165026F9-F892-4E5B-B61F-E8D81C2F82B7}.Release|Any CPU.Build.0 = Release|Any CPU
		{BC3B1D36-8150-48BE-9BE1-477086F5A358}.Debug|Any CPU.ActiveCfg = Debug|Any CPU
		{BC3B1D36-8150-48BE-9BE1-477086F5A358}.Debug|Any CPU.Build.0 = Debug|Any CPU
		{BC3B1D36-8150-48BE-9BE1-477086F5A358}.Release|Any CPU.ActiveCfg = Release|Any CPU
		{BC3B1D36-8150-48BE-9BE1-477086F5A358}.Release|Any CPU.Build.0 = Release|Any CPU
		{5DC98E54-1C39-4F57-8EDB-645F1CD6BF97}.Debug|Any CPU.ActiveCfg = Debug|Any CPU
		{5DC98E54-1C39-4F57-8EDB-645F1CD6BF97}.Debug|Any CPU.Build.0 = Debug|Any CPU
		{5DC98E54-1C39-4F57-8EDB-645F1CD6BF97}.Release|Any CPU.ActiveCfg = Release|Any CPU
		{5DC98E54-1C39-4F57-8EDB-645F1CD6BF97}.Release|Any CPU.Build.0 = Release|Any CPU
		{BD8E4828-EB2B-4670-BAF1-B9F1FBE96478}.Debug|Any CPU.ActiveCfg = Debug|Any CPU
		{BD8E4828-EB2B-4670-BAF1-B9F1FBE96478}.Debug|Any CPU.Build.0 = Debug|Any CPU
		{BD8E4828-EB2B-4670-BAF1-B9F1FBE96478}.Release|Any CPU.ActiveCfg = Release|Any CPU
		{BD8E4828-EB2B-4670-BAF1-B9F1FBE96478}.Release|Any CPU.Build.0 = Release|Any CPU
		{4F081276-452D-47CC-86DB-814A238B1CDF}.Debug|Any CPU.ActiveCfg = Debug|Any CPU
		{4F081276-452D-47CC-86DB-814A238B1CDF}.Debug|Any CPU.Build.0 = Debug|Any CPU
		{4F081276-452D-47CC-86DB-814A238B1CDF}.Release|Any CPU.ActiveCfg = Release|Any CPU
		{4F081276-452D-47CC-86DB-814A238B1CDF}.Release|Any CPU.Build.0 = Release|Any CPU
	EndGlobalSection
	GlobalSection(SolutionProperties) = preSolution
		HideSolutionNode = FALSE
	EndGlobalSection
	GlobalSection(NestedProjects) = preSolution
		{7836F978-D3F1-4A2C-9125-F2ABA168F2B3} = {79137BB3-A7F4-43A5-83A3-16E26A5D3015}
		{9D17A91E-92C8-4A65-84F9-CF835C1D2DD0} = {7836F978-D3F1-4A2C-9125-F2ABA168F2B3}
		{ADC0DE63-BAC4-4857-ADFC-9D47FEB911A3} = {79137BB3-A7F4-43A5-83A3-16E26A5D3015}
		{9573D7A8-8092-4E28-A56F-3DA21545FB34} = {ADC0DE63-BAC4-4857-ADFC-9D47FEB911A3}
		{F7CA7A59-52FA-4411-8F3B-615A57A02677} = {79137BB3-A7F4-43A5-83A3-16E26A5D3015}
		{59AEEA22-B92E-49E5-B49D-14AC0AB4874B} = {F7CA7A59-52FA-4411-8F3B-615A57A02677}
		{D1953D75-7E3D-4AEB-8D47-65633BCA6562} = {F7CA7A59-52FA-4411-8F3B-615A57A02677}
		{D1B59383-9741-42FB-AFAA-5C21A51C5704} = {79137BB3-A7F4-43A5-83A3-16E26A5D3015}
		{2EC1DB2B-DAC4-4ED0-B626-718259D4FE6A} = {D1B59383-9741-42FB-AFAA-5C21A51C5704}
		{BEAABAE3-FC43-409B-AFEE-3D4AA4BBFDE3} = {D1B59383-9741-42FB-AFAA-5C21A51C5704}
		{D973A2C9-2E19-46F9-8637-9EF42CA55AE6} = {D1B59383-9741-42FB-AFAA-5C21A51C5704}
		{F8F741DF-0ACC-409E-AA36-906CB6B6C4F7} = {D1B59383-9741-42FB-AFAA-5C21A51C5704}
		{0F0560D7-09B9-45B2-8601-E3E742FEE6D0} = {69FDDB6B-115E-44C4-AAA4-4652B8FEF5DC}
		{165026F9-F892-4E5B-B61F-E8D81C2F82B7} = {2529423B-771B-480A-8069-BF8CD161C5C7}
		{BC3B1D36-8150-48BE-9BE1-477086F5A358} = {2529423B-771B-480A-8069-BF8CD161C5C7}
		{5DC98E54-1C39-4F57-8EDB-645F1CD6BF97} = {BB919910-7FB4-4CB5-8F78-65614B126E9B}
		{BD8E4828-EB2B-4670-BAF1-B9F1FBE96478} = {69FDDB6B-115E-44C4-AAA4-4652B8FEF5DC}
		{4F081276-452D-47CC-86DB-814A238B1CDF} = {BB919910-7FB4-4CB5-8F78-65614B126E9B}
	EndGlobalSection
	GlobalSection(ExtensibilityGlobals) = postSolution
		SolutionGuid = {B87A3D3B-2FE8-48CC-A201-09E90F16101A}
	EndGlobalSection
EndGlobal
