
Microsoft Visual Studio Solution File, Format Version 12.00
# Visual Studio Version 16
VisualStudioVersion = 16.0.31129.286
MinimumVisualStudioVersion = 10.0.40219.1
Project("{2150E333-8FDC-42A3-9474-1A3956D46DE8}") = "Services", "Services", "{79137BB3-A7F4-43A5-83A3-16E26A5D3015}"
EndProject
Project("{2150E333-8FDC-42A3-9474-1A3956D46DE8}") = "Catalog", "Catalog", "{7836F978-D3F1-4A2C-9125-F2ABA168F2B3}"
EndProject
Project("{9A19103F-16F7-4668-BE54-9A1E7A4F7556}") = "Catalog.API", "Services\Catalog\Catalog.API\Catalog.API.csproj", "{9D17A91E-92C8-4A65-84F9-CF835C1D2DD0}"
EndProject
Project("{E53339B2-1760-4266-BCC7-CA923CBCF16C}") = "docker-compose", "docker-compose.dcproj", "{340B7142-D44D-4CF7-8CF9-0EC97661E444}"
EndProject
Project("{2150E333-8FDC-42A3-9474-1A3956D46DE8}") = "Basket", "Basket", "{ADC0DE63-BAC4-4857-ADFC-9D47FEB911A3}"
EndProject
Project("{9A19103F-16F7-4668-BE54-9A1E7A4F7556}") = "Basket.API", "Services\Basket\Basket.API\Basket.API.csproj", "{9573D7A8-8092-4E28-A56F-3DA21545FB34}"
EndProject
Project("{2150E333-8FDC-42A3-9474-1A3956D46DE8}") = "Discount", "Discount", "{F7CA7A59-52FA-4411-8F3B-615A57A02677}"
EndProject
Project("{9A19103F-16F7-4668-BE54-9A1E7A4F7556}") = "Discount.API", "Services\Discount\Discount.API\Discount.API.csproj", "{59AEEA22-B92E-49E5-B49D-14AC0AB4874B}"
EndProject
Global
	GlobalSection(SolutionConfigurationPlatforms) = preSolution
		Debug|Any CPU = Debug|Any CPU
		Release|Any CPU = Release|Any CPU
	EndGlobalSection
	GlobalSection(ProjectConfigurationPlatforms) = postSolution
		{9D17A91E-92C8-4A65-84F9-CF835C1D2DD0}.Debug|Any CPU.ActiveCfg = Debug|Any CPU
		{9D17A91E-92C8-4A65-84F9-CF835C1D2DD0}.Debug|Any CPU.Build.0 = Debug|Any CPU
		{9D17A91E-92C8-4A65-84F9-CF835C1D2DD0}.Release|Any CPU.ActiveCfg = Release|Any CPU
		{9D17A91E-92C8-4A65-84F9-CF835C1D2DD0}.Release|Any CPU.Build.0 = Release|Any CPU
		{340B7142-D44D-4CF7-8CF9-0EC97661E444}.Debug|Any CPU.ActiveCfg = Debug|Any CPU
		{340B7142-D44D-4CF7-8CF9-0EC97661E444}.Debug|Any CPU.Build.0 = Debug|Any CPU
		{340B7142-D44D-4CF7-8CF9-0EC97661E444}.Release|Any CPU.ActiveCfg = Release|Any CPU
		{340B7142-D44D-4CF7-8CF9-0EC97661E444}.Release|Any CPU.Build.0 = Release|Any CPU
		{9573D7A8-8092-4E28-A56F-3DA21545FB34}.Debug|Any CPU.ActiveCfg = Debug|Any CPU
		{9573D7A8-8092-4E28-A56F-3DA21545FB34}.Debug|Any CPU.Build.0 = Debug|Any CPU
		{9573D7A8-8092-4E28-A56F-3DA21545FB34}.Release|Any CPU.ActiveCfg = Release|Any CPU
		{9573D7A8-8092-4E28-A56F-3DA21545FB34}.Release|Any CPU.Build.0 = Release|Any CPU
		{59AEEA22-B92E-49E5-B49D-14AC0AB4874B}.Debug|Any CPU.ActiveCfg = Debug|Any CPU
		{59AEEA22-B92E-49E5-B49D-14AC0AB4874B}.Debug|Any CPU.Build.0 = Debug|Any CPU
		{59AEEA22-B92E-49E5-B49D-14AC0AB4874B}.Release|Any CPU.ActiveCfg = Release|Any CPU
		{59AEEA22-B92E-49E5-B49D-14AC0AB4874B}.Release|Any CPU.Build.0 = Release|Any CPU
	EndGlobalSection
	GlobalSection(SolutionProperties) = preSolution
		HideSolutionNode = FALSE
	EndGlobalSection
	GlobalSection(NestedProjects) = preSolution
		{7836F978-D3F1-4A2C-9125-F2ABA168F2B3} = {79137BB3-A7F4-43A5-83A3-16E26A5D3015}
		{9D17A91E-92C8-4A65-84F9-CF835C1D2DD0} = {7836F978-D3F1-4A2C-9125-F2ABA168F2B3}
		{ADC0DE63-BAC4-4857-ADFC-9D47FEB911A3} = {79137BB3-A7F4-43A5-83A3-16E26A5D3015}
		{9573D7A8-8092-4E28-A56F-3DA21545FB34} = {ADC0DE63-BAC4-4857-ADFC-9D47FEB911A3}
		{F7CA7A59-52FA-4411-8F3B-615A57A02677} = {79137BB3-A7F4-43A5-83A3-16E26A5D3015}
		{59AEEA22-B92E-49E5-B49D-14AC0AB4874B} = {F7CA7A59-52FA-4411-8F3B-615A57A02677}
	EndGlobalSection
	GlobalSection(ExtensibilityGlobals) = postSolution
		SolutionGuid = {B87A3D3B-2FE8-48CC-A201-09E90F16101A}
	EndGlobalSection
EndGlobal
